
Microsoft Visual Studio Solution File, Format Version 12.00
# Visual Studio Version 17
VisualStudioVersion = 17.12.35521.163 d17.12
MinimumVisualStudioVersion = 10.0.40219.1
Project("{FAE04EC0-301F-11D3-BF4B-00C04F79EFBC}") = "Strictly.Api", "Strictly\Strictly.Api.csproj", "{F97F5F1C-44DC-4AB5-97F9-8DBD725A12F4}"
EndProject
Project("{FAE04EC0-301F-11D3-BF4B-00C04F79EFBC}") = "Strictly.Application", "Strictly.Application\Strictly.Application.csproj", "{3896D701-AF91-479A-8D70-61D1CBD552BE}"
EndProject
Project("{FAE04EC0-301F-11D3-BF4B-00C04F79EFBC}") = "Strictly.Domain", "Strictly.Domain\Strictly.Domain.csproj", "{8C7B9552-1B2B-4594-9639-75946CEC50DE}"
EndProject
Project("{FAE04EC0-301F-11D3-BF4B-00C04F79EFBC}") = "Strictly.Infrastructure", "Strictly.Infrastructure\Strictly.Infrastructure.csproj", "{DE3551A1-C7AD-4952-BC6F-EB91178A0081}"
EndProject
Global
	GlobalSection(SolutionConfigurationPlatforms) = preSolution
		Debug|Any CPU = Debug|Any CPU
		Release|Any CPU = Release|Any CPU
	EndGlobalSection
	GlobalSection(ProjectConfigurationPlatforms) = postSolution
		{F97F5F1C-44DC-4AB5-97F9-8DBD725A12F4}.Debug|Any CPU.ActiveCfg = Debug|Any CPU
		{F97F5F1C-44DC-4AB5-97F9-8DBD725A12F4}.Debug|Any CPU.Build.0 = Debug|Any CPU
		{F97F5F1C-44DC-4AB5-97F9-8DBD725A12F4}.Release|Any CPU.ActiveCfg = Release|Any CPU
		{F97F5F1C-44DC-4AB5-97F9-8DBD725A12F4}.Release|Any CPU.Build.0 = Release|Any CPU
		{3896D701-AF91-479A-8D70-61D1CBD552BE}.Debug|Any CPU.ActiveCfg = Debug|Any CPU
		{3896D701-AF91-479A-8D70-61D1CBD552BE}.Debug|Any CPU.Build.0 = Debug|Any CPU
		{3896D701-AF91-479A-8D70-61D1CBD552BE}.Release|Any CPU.ActiveCfg = Release|Any CPU
		{3896D701-AF91-479A-8D70-61D1CBD552BE}.Release|Any CPU.Build.0 = Release|Any CPU
		{8C7B9552-1B2B-4594-9639-75946CEC50DE}.Debug|Any CPU.ActiveCfg = Debug|Any CPU
		{8C7B9552-1B2B-4594-9639-75946CEC50DE}.Debug|Any CPU.Build.0 = Debug|Any CPU
		{8C7B9552-1B2B-4594-9639-75946CEC50DE}.Release|Any CPU.ActiveCfg = Release|Any CPU
		{8C7B9552-1B2B-4594-9639-75946CEC50DE}.Release|Any CPU.Build.0 = Release|Any CPU
		{DE3551A1-C7AD-4952-BC6F-EB91178A0081}.Debug|Any CPU.ActiveCfg = Debug|Any CPU
		{DE3551A1-C7AD-4952-BC6F-EB91178A0081}.Debug|Any CPU.Build.0 = Debug|Any CPU
		{DE3551A1-C7AD-4952-BC6F-EB91178A0081}.Release|Any CPU.ActiveCfg = Release|Any CPU
		{DE3551A1-C7AD-4952-BC6F-EB91178A0081}.Release|Any CPU.Build.0 = Release|Any CPU
	EndGlobalSection
	GlobalSection(SolutionProperties) = preSolution
		HideSolutionNode = FALSE
	EndGlobalSection
EndGlobal
